Microsoft Visual Studio Solution File, Format Version 12.00
# Visual Studio 14
VisualStudioVersion = 14.0.25420.1
MinimumVisualStudioVersion = 10.0.40219.1
Project("{FAE04EC0-301F-11D3-BF4B-00C04F79EFBC}") = "MapView_VS2015", "MapView\MapView_VS2015.csproj", "{8302D9EC-ECF4-44BF-A2FA-5AEE09B74DBE}"
EndProject
Project("{FAE04EC0-301F-11D3-BF4B-00C04F79EFBC}") = "AreaTool_VS2015", "AreaTool\AreaTool_VS2015.csproj", "{60CDB528-FCBA-4644-B7AE-A7F939148E8D}"
EndProject
Project("{FAE04EC0-301F-11D3-BF4B-00C04F79EFBC}") = "AzElMaskTool_VS2015", "AzElMaskTool\AzElMaskTool_VS2015.csproj", "{7B915C39-570A-4616-9428-B76956C963BD}"
EndProject
Project("{FAE04EC0-301F-11D3-BF4B-00C04F79EFBC}") = "DragAndDrop_VS2015", "DragAndDrop\DragAndDrop_VS2015.csproj", "{5A262372-780D-4137-AD77-839CF0674DFF}"
EndProject
Project("{FAE04EC0-301F-11D3-BF4B-00C04F79EFBC}") = "DrawRects_VS2015", "DrawRects\DrawRects_VS2015.csproj", "{443672FC-FCBE-4BD9-AC23-143FC97007BD}"
EndProject
Project("{FAE04EC0-301F-11D3-BF4B-00C04F79EFBC}") = "Events_VS2015", "Events\Events_VS2015.csproj", "{95445B5B-567E-43DD-8E6A-7D52D9B9B0F0}"
EndProject
Project("{FAE04EC0-301F-11D3-BF4B-00C04F79EFBC}") = "ObscurationTool_VS2015", "ObscurationTool\ObscurationTool_VS2015.csproj", "{8BC388B5-A6FC-407D-AFC0-1A2B4B431E44}"
EndProject
Project("{FAE04EC0-301F-11D3-BF4B-00C04F79EFBC}") = "OnAnimUpdate_VS2015", "OnAnimUpdate\OnAnimUpdate_VS2015.csproj", "{4AF47B6A-1176-437C-888E-3103E3E436DE}"
EndProject
Project("{FAE04EC0-301F-11D3-BF4B-00C04F79EFBC}") = "PlaceFinder_VS2015", "PlaceFinder\PlaceFinder_VS2015.csproj", "{280895E7-C64A-401F-82F4-B850D10876EA}"
EndProject
Project("{FAE04EC0-301F-11D3-BF4B-00C04F79EFBC}") = "RubberBandSelect_VS2015", "RubberBandSelect\RubberBandSelect_VS2015.csproj", "{604D1EFD-B525-472A-AE3B-B7599E188F41}"
EndProject
Project("{FAE04EC0-301F-11D3-BF4B-00C04F79EFBC}") = "SolarPanelTool_VS2015", "SolarPanelTool\SolarPanelTool_VS2015.csproj", "{F52ECB18-575E-4D16-9B0E-8A88717E26F8}"
EndProject
Project("{FAE04EC0-301F-11D3-BF4B-00C04F79EFBC}") = "DataProviders_VS2015", "DataProviders\DataProviders_VS2015.csproj", "{1EF15180-F738-4AC9-884E-E68C1B40D998}"
EndProject
Project("{FAE04EC0-301F-11D3-BF4B-00C04F79EFBC}") = "OMDemo_VS2015", "OMDemo\OMDemo_VS2015.csproj", "{F6757F2A-99A6-47CF-B347-09F79578A700}"
EndProject
Project("{FAE04EC0-301F-11D3-BF4B-00C04F79EFBC}") = "STKProTutorial_VS2015", "STKProTutorial\STKProTutorial_VS2015.csproj", "{00BBF9A8-0ABD-422A-8621-8EC2F6B7E5DD}"
EndProject
Project("{FAE04EC0-301F-11D3-BF4B-00C04F79EFBC}") = "Sisp_VS2015", "Sisp\Sisp_VS2015.csproj", "{4E72B65C-47D8-43AF-8D5B-027EA5B5DA17}"
EndProject
Project("{FAE04EC0-301F-11D3-BF4B-00C04F79EFBC}") = "HohmannTransfer_VS2015", "HohmannTransfer\HohmannTransfer_VS2015.csproj", "{994812C5-8884-4E89-B7BB-D0A8C3A4B588}"
EndProject
Project("{FAE04EC0-301F-11D3-BF4B-00C04F79EFBC}") = "MoonMissionWithBPlaneTargeting_VS2015", "MoonMissionWithBPlaneTargeting\MoonMissionWithBPlaneTargeting_VS2015.csproj", "{5C541FCA-B220-46F8-9CD4-EAE9CE2EA39A}"
EndProject
Project("{FAE04EC0-301F-11D3-BF4B-00C04F79EFBC}") = "MarsProbe_VS2015", "MarsProbe\MarsProbe_VS2015.csproj", "{35C2F9A3-E64A-44F6-AECF-84509812670D}"
EndProject
Project("{FAE04EC0-301F-11D3-BF4B-00C04F79EFBC}") = "HohmannTransferUsingTargeter_VS2015", "HohmannTransferUsingTargeter\HohmannTransferUsingTargeter_VS2015.csproj", "{F6E42498-7A34-4FDE-8273-1235AC387430}"
EndProject
Project("{FAE04EC0-301F-11D3-BF4B-00C04F79EFBC}") = "3DObjectEditing_VS2015", "3DObjectEditing\3DObjectEditing_VS2015.csproj", "{D6FC39E2-997D-4E10-8FAC-9A92C4DB745B}"
EndProject
Project("{FAE04EC0-301F-11D3-BF4B-00C04F79EFBC}") = "VGTTutorial_VS2015", "VGTTutorial\VGTTutorial_VS2015.csproj", "{91AFA9A6-B317-4B92-9C75-FB60D9613E61}"
EndProject
Project("{FAE04EC0-301F-11D3-BF4B-00C04F79EFBC}") = "GraphicsHowTo_VS2015", "GraphicsHowTo\GraphicsHowTo_VS2015.csproj", "{352FC729-7250-4D04-A63E-A45FE16A5429}"
	ProjectSection(ProjectDependencies) = postProject
		{C858690E-F798-46C8-B243-40E179CFD8F2} = {C858690E-F798-46C8-B243-40E179CFD8F2}
		{7C346085-6398-4819-912A-97A3D240CA50} = {7C346085-6398-4819-912A-97A3D240CA50}
	EndProjectSection
EndProject
Project("{FAE04EC0-301F-11D3-BF4B-00C04F79EFBC}") = "OverlayToolbar_VS2015", "OverlayToolbar\OverlayToolbar_VS2015.csproj", "{0957C7C7-97F4-4F6A-8970-0E2548D56FAD}"
EndProject
Project("{FAE04EC0-301F-11D3-BF4B-00C04F79EFBC}") = "VGTAER_VS2015", "VGTAER\VGTAER_VS2015.csproj", "{34DE81EC-1AB4-49BF-8135-89D8E8737DE6}"
EndProject
Project("{FAE04EC0-301F-11D3-BF4B-00C04F79EFBC}") = "Tutorial_VS2015", "Tutorial\Tutorial_VS2015.csproj", "{FC0C19D7-789F-47D0-AC45-379FAAC9A65E}"
EndProject
Project("{FAE04EC0-301F-11D3-BF4B-00C04F79EFBC}") = "PointInPolygon_VS2015", "PointInPolygon\PointInPolygon_VS2015.csproj", "{998968F8-1D47-4E9B-BE4A-AF84B058D692}"
EndProject
Project("{FAE04EC0-301F-11D3-BF4B-00C04F79EFBC}") = "PolygonDrawing_VS2015", "PolygonDrawing\PolygonDrawing_VS2015.csproj", "{F5146FDE-4789-4C2E-A4BD-3806BDCA92DD}"
EndProject
Project("{FAE04EC0-301F-11D3-BF4B-00C04F79EFBC}") = "PolylineDrawing_VS2015", "PolylineDrawing\PolylineDrawing_VS2015.csproj", "{92D8A0CA-FAF5-46CC-B713-A6F149272566}"
EndProject
Project("{FAE04EC0-301F-11D3-BF4B-00C04F79EFBC}") = "ProjectionRasterStreamPlugin_VS2015", "..\..\Extend\Graphics\CSharp\ProjectionRasterStreamPlugin\ProjectionRasterStreamPlugin_VS2015.csproj", "{7C346085-6398-4819-912A-97A3D240CA50}"
EndProject
Project("{FAE04EC0-301F-11D3-BF4B-00C04F79EFBC}") = "OpenStreetMapPlugin_VS2015", "..\..\Extend\Graphics\CSharp\OpenStreetMapPlugin\OpenStreetMapPlugin_VS2015.csproj", "{C858690E-F798-46C8-B243-40E179CFD8F2}"
EndProject
Global
	GlobalSection(SolutionConfigurationPlatforms) = preSolution
		Debug|x64 = Debug|x64
		Release|x64 = Release|x64
	EndGlobalSection
	GlobalSection(ProjectConfigurationPlatforms) = postSolution
		{8302D9EC-ECF4-44BF-A2FA-5AEE09B74DBE}.Debug|x64.ActiveCfg = Debug|x64
		{8302D9EC-ECF4-44BF-A2FA-5AEE09B74DBE}.Debug|x64.Build.0 = Debug|x64
		{8302D9EC-ECF4-44BF-A2FA-5AEE09B74DBE}.Release|x64.ActiveCfg = Release|x64
		{8302D9EC-ECF4-44BF-A2FA-5AEE09B74DBE}.Release|x64.Build.0 = Release|x64
		{60CDB528-FCBA-4644-B7AE-A7F939148E8D}.Debug|x64.ActiveCfg = Debug|x64
		{60CDB528-FCBA-4644-B7AE-A7F939148E8D}.Debug|x64.Build.0 = Debug|x64
		{60CDB528-FCBA-4644-B7AE-A7F939148E8D}.Release|x64.ActiveCfg = Release|x64
		{60CDB528-FCBA-4644-B7AE-A7F939148E8D}.Release|x64.Build.0 = Release|x64
		{7B915C39-570A-4616-9428-B76956C963BD}.Debug|x64.ActiveCfg = Debug|x64
		{7B915C39-570A-4616-9428-B76956C963BD}.Debug|x64.Build.0 = Debug|x64
		{7B915C39-570A-4616-9428-B76956C963BD}.Release|x64.ActiveCfg = Release|x64
		{7B915C39-570A-4616-9428-B76956C963BD}.Release|x64.Build.0 = Release|x64
		{5A262372-780D-4137-AD77-839CF0674DFF}.Debug|x64.ActiveCfg = Debug|x64
		{5A262372-780D-4137-AD77-839CF0674DFF}.Debug|x64.Build.0 = Debug|x64
		{5A262372-780D-4137-AD77-839CF0674DFF}.Release|x64.ActiveCfg = Release|x64
		{5A262372-780D-4137-AD77-839CF0674DFF}.Release|x64.Build.0 = Release|x64
		{443672FC-FCBE-4BD9-AC23-143FC97007BD}.Debug|x64.ActiveCfg = Debug|x64
		{443672FC-FCBE-4BD9-AC23-143FC97007BD}.Debug|x64.Build.0 = Debug|x64
		{443672FC-FCBE-4BD9-AC23-143FC97007BD}.Release|x64.ActiveCfg = Release|x64
		{443672FC-FCBE-4BD9-AC23-143FC97007BD}.Release|x64.Build.0 = Release|x64
		{95445B5B-567E-43DD-8E6A-7D52D9B9B0F0}.Debug|x64.ActiveCfg = Debug|x64
		{95445B5B-567E-43DD-8E6A-7D52D9B9B0F0}.Debug|x64.Build.0 = Debug|x64
		{95445B5B-567E-43DD-8E6A-7D52D9B9B0F0}.Release|x64.ActiveCfg = Release|x64
		{95445B5B-567E-43DD-8E6A-7D52D9B9B0F0}.Release|x64.Build.0 = Release|x64
		{8BC388B5-A6FC-407D-AFC0-1A2B4B431E44}.Debug|x64.ActiveCfg = Debug|x64
		{8BC388B5-A6FC-407D-AFC0-1A2B4B431E44}.Debug|x64.Build.0 = Debug|x64
		{8BC388B5-A6FC-407D-AFC0-1A2B4B431E44}.Release|x64.ActiveCfg = Release|x64
		{8BC388B5-A6FC-407D-AFC0-1A2B4B431E44}.Release|x64.Build.0 = Release|x64
		{4AF47B6A-1176-437C-888E-3103E3E436DE}.Debug|x64.ActiveCfg = Debug|x64
		{4AF47B6A-1176-437C-888E-3103E3E436DE}.Debug|x64.Build.0 = Debug|x64
		{4AF47B6A-1176-437C-888E-3103E3E436DE}.Release|x64.ActiveCfg = Release|x64
		{4AF47B6A-1176-437C-888E-3103E3E436DE}.Release|x64.Build.0 = Release|x64
		{280895E7-C64A-401F-82F4-B850D10876EA}.Debug|x64.ActiveCfg = Debug|x64
		{280895E7-C64A-401F-82F4-B850D10876EA}.Debug|x64.Build.0 = Debug|x64
		{280895E7-C64A-401F-82F4-B850D10876EA}.Release|x64.ActiveCfg = Release|x64
		{280895E7-C64A-401F-82F4-B850D10876EA}.Release|x64.Build.0 = Release|x64
		{604D1EFD-B525-472A-AE3B-B7599E188F41}.Debug|x64.ActiveCfg = Debug|x64
		{604D1EFD-B525-472A-AE3B-B7599E188F41}.Debug|x64.Build.0 = Debug|x64
		{604D1EFD-B525-472A-AE3B-B7599E188F41}.Release|x64.ActiveCfg = Release|x64
		{604D1EFD-B525-472A-AE3B-B7599E188F41}.Release|x64.Build.0 = Release|x64
		{F52ECB18-575E-4D16-9B0E-8A88717E26F8}.Debug|x64.ActiveCfg = Debug|x64
		{F52ECB18-575E-4D16-9B0E-8A88717E26F8}.Debug|x64.Build.0 = Debug|x64
		{F52ECB18-575E-4D16-9B0E-8A88717E26F8}.Release|x64.ActiveCfg = Release|x64
		{F52ECB18-575E-4D16-9B0E-8A88717E26F8}.Release|x64.Build.0 = Release|x64
		{1EF15180-F738-4AC9-884E-E68C1B40D998}.Debug|x64.ActiveCfg = Debug|x64
		{1EF15180-F738-4AC9-884E-E68C1B40D998}.Debug|x64.Build.0 = Debug|x64
		{1EF15180-F738-4AC9-884E-E68C1B40D998}.Release|x64.ActiveCfg = Release|x64
		{1EF15180-F738-4AC9-884E-E68C1B40D998}.Release|x64.Build.0 = Release|x64
		{F6757F2A-99A6-47CF-B347-09F79578A700}.Debug|x64.ActiveCfg = Debug|x64
		{F6757F2A-99A6-47CF-B347-09F79578A700}.Debug|x64.Build.0 = Debug|x64
		{F6757F2A-99A6-47CF-B347-09F79578A700}.Release|x64.ActiveCfg = Release|x64
		{F6757F2A-99A6-47CF-B347-09F79578A700}.Release|x64.Build.0 = Release|x64
		{00BBF9A8-0ABD-422A-8621-8EC2F6B7E5DD}.Debug|x64.ActiveCfg = Debug|x64
		{00BBF9A8-0ABD-422A-8621-8EC2F6B7E5DD}.Debug|x64.Build.0 = Debug|x64
		{00BBF9A8-0ABD-422A-8621-8EC2F6B7E5DD}.Release|x64.ActiveCfg = Release|x64
		{00BBF9A8-0ABD-422A-8621-8EC2F6B7E5DD}.Release|x64.Build.0 = Release|x64
		{4E72B65C-47D8-43AF-8D5B-027EA5B5DA17}.Debug|x64.ActiveCfg = Debug|x64
		{4E72B65C-47D8-43AF-8D5B-027EA5B5DA17}.Debug|x64.Build.0 = Debug|x64
		{4E72B65C-47D8-43AF-8D5B-027EA5B5DA17}.Release|x64.ActiveCfg = Release|x64
		{4E72B65C-47D8-43AF-8D5B-027EA5B5DA17}.Release|x64.Build.0 = Release|x64
		{994812C5-8884-4E89-B7BB-D0A8C3A4B588}.Debug|x64.ActiveCfg = Debug|x64
		{994812C5-8884-4E89-B7BB-D0A8C3A4B588}.Debug|x64.Build.0 = Debug|x64
		{994812C5-8884-4E89-B7BB-D0A8C3A4B588}.Release|x64.ActiveCfg = Release|x64
		{994812C5-8884-4E89-B7BB-D0A8C3A4B588}.Release|x64.Build.0 = Release|x64
		{5C541FCA-B220-46F8-9CD4-EAE9CE2EA39A}.Debug|x64.ActiveCfg = Debug|x64
		{5C541FCA-B220-46F8-9CD4-EAE9CE2EA39A}.Debug|x64.Build.0 = Debug|x64
		{5C541FCA-B220-46F8-9CD4-EAE9CE2EA39A}.Release|x64.ActiveCfg = Release|x64
		{5C541FCA-B220-46F8-9CD4-EAE9CE2EA39A}.Release|x64.Build.0 = Release|x64
		{35C2F9A3-E64A-44F6-AECF-84509812670D}.Debug|x64.ActiveCfg = Debug|x64
		{35C2F9A3-E64A-44F6-AECF-84509812670D}.Debug|x64.Build.0 = Debug|x64
		{35C2F9A3-E64A-44F6-AECF-84509812670D}.Release|x64.ActiveCfg = Release|x64
		{35C2F9A3-E64A-44F6-AECF-84509812670D}.Release|x64.Build.0 = Release|x64
		{F6E42498-7A34-4FDE-8273-1235AC387430}.Debug|x64.ActiveCfg = Debug|x64
		{F6E42498-7A34-4FDE-8273-1235AC387430}.Debug|x64.Build.0 = Debug|x64
		{F6E42498-7A34-4FDE-8273-1235AC387430}.Release|x64.ActiveCfg = Release|x64
		{F6E42498-7A34-4FDE-8273-1235AC387430}.Release|x64.Build.0 = Release|x64
		{D6FC39E2-997D-4E10-8FAC-9A92C4DB745B}.Debug|x64.ActiveCfg = Debug|x64
		{D6FC39E2-997D-4E10-8FAC-9A92C4DB745B}.Debug|x64.Build.0 = Debug|x64
		{D6FC39E2-997D-4E10-8FAC-9A92C4DB745B}.Release|x64.ActiveCfg = Release|x64
		{D6FC39E2-997D-4E10-8FAC-9A92C4DB745B}.Release|x64.Build.0 = Release|x64
		{91AFA9A6-B317-4B92-9C75-FB60D9613E61}.Debug|x64.ActiveCfg = Debug|x64
		{91AFA9A6-B317-4B92-9C75-FB60D9613E61}.Debug|x64.Build.0 = Debug|x64
		{91AFA9A6-B317-4B92-9C75-FB60D9613E61}.Release|x64.ActiveCfg = Release|x64
		{91AFA9A6-B317-4B92-9C75-FB60D9613E61}.Release|x64.Build.0 = Release|x64
		{352FC729-7250-4D04-A63E-A45FE16A5429}.Debug|x64.ActiveCfg = Debug|x64
		{352FC729-7250-4D04-A63E-A45FE16A5429}.Debug|x64.Build.0 = Debug|x64
		{352FC729-7250-4D04-A63E-A45FE16A5429}.Release|x64.ActiveCfg = Release|x64
		{352FC729-7250-4D04-A63E-A45FE16A5429}.Release|x64.Build.0 = Release|x64
		{0957C7C7-97F4-4F6A-8970-0E2548D56FAD}.Debug|x64.ActiveCfg = Debug|x64
		{0957C7C7-97F4-4F6A-8970-0E2548D56FAD}.Debug|x64.Build.0 = Debug|x64
		{0957C7C7-97F4-4F6A-8970-0E2548D56FAD}.Release|x64.ActiveCfg = Release|x64
		{0957C7C7-97F4-4F6A-8970-0E2548D56FAD}.Release|x64.Build.0 = Release|x64
		{34DE81EC-1AB4-49BF-8135-89D8E8737DE6}.Debug|x64.ActiveCfg = Debug|x64
		{34DE81EC-1AB4-49BF-8135-89D8E8737DE6}.Debug|x64.Build.0 = Debug|x64
		{34DE81EC-1AB4-49BF-8135-89D8E8737DE6}.Release|x64.ActiveCfg = Release|x64
		{34DE81EC-1AB4-49BF-8135-89D8E8737DE6}.Release|x64.Build.0 = Release|x64
		{FC0C19D7-789F-47D0-AC45-379FAAC9A65E}.Debug|x64.ActiveCfg = Debug|x64
		{FC0C19D7-789F-47D0-AC45-379FAAC9A65E}.Debug|x64.Build.0 = Debug|x64
		{FC0C19D7-789F-47D0-AC45-379FAAC9A65E}.Release|x64.ActiveCfg = Release|x64
		{FC0C19D7-789F-47D0-AC45-379FAAC9A65E}.Release|x64.Build.0 = Release|x64
		{998968F8-1D47-4E9B-BE4A-AF84B058D692}.Debug|x64.ActiveCfg = Debug|x64
		{998968F8-1D47-4E9B-BE4A-AF84B058D692}.Debug|x64.Build.0 = Debug|x64
		{998968F8-1D47-4E9B-BE4A-AF84B058D692}.Release|x64.ActiveCfg = Release|x64
		{998968F8-1D47-4E9B-BE4A-AF84B058D692}.Release|x64.Build.0 = Release|x64
		{F5146FDE-4789-4C2E-A4BD-3806BDCA92DD}.Debug|x64.ActiveCfg = Debug|x64
		{F5146FDE-4789-4C2E-A4BD-3806BDCA92DD}.Debug|x64.Build.0 = Debug|x64
		{F5146FDE-4789-4C2E-A4BD-3806BDCA92DD}.Release|x64.ActiveCfg = Release|x64
		{F5146FDE-4789-4C2E-A4BD-3806BDCA92DD}.Release|x64.Build.0 = Release|x64
		{92D8A0CA-FAF5-46CC-B713-A6F149272566}.Debug|x64.ActiveCfg = Debug|x64
		{92D8A0CA-FAF5-46CC-B713-A6F149272566}.Debug|x64.Build.0 = Debug|x64
		{92D8A0CA-FAF5-46CC-B713-A6F149272566}.Release|x64.ActiveCfg = Release|x64
		{92D8A0CA-FAF5-46CC-B713-A6F149272566}.Release|x64.Build.0 = Release|x64
		{7C346085-6398-4819-912A-97A3D240CA50}.Debug|x64.ActiveCfg = Debug|x64
		{7C346085-6398-4819-912A-97A3D240CA50}.Debug|x64.Build.0 = Debug|x64
		{7C346085-6398-4819-912A-97A3D240CA50}.Release|x64.ActiveCfg = Release|x64
		{7C346085-6398-4819-912A-97A3D240CA50}.Release|x64.Build.0 = Release|x64
		{C858690E-F798-46C8-B243-40E179CFD8F2}.Debug|x64.ActiveCfg = Debug|x64
		{C858690E-F798-46C8-B243-40E179CFD8F2}.Debug|x64.Build.0 = Debug|x64
		{C858690E-F798-46C8-B243-40E179CFD8F2}.Release|x64.ActiveCfg = Release|x64
		{C858690E-F798-46C8-B243-40E179CFD8F2}.Release|x64.Build.0 = Release|x64
	EndGlobalSection
	GlobalSection(SolutionProperties) = preSolution
		HideSolutionNode = FALSE
	EndGlobalSection
EndGlobal
