Microsoft Visual Studio Solution File, Format Version 12.00
# Visual Studio 14
VisualStudioVersion = 14.0.25420.1
MinimumVisualStudioVersion = 10.0.40219.1
Project("{2150E333-8FDC-42A3-9474-1A3956D46DE8}") = "ClutterGeometry", "ClutterGeometry", "{FC31334A-6F4B-4E7B-A0F9-2F8B567E4897}"
EndProject
Project("{2150E333-8FDC-42A3-9474-1A3956D46DE8}") = "CPP", "CPP", "{646A79D1-3B88-4724-B158-B69F0ABD9725}"
EndProject
Project("{8BC9CEB8-8B4A-11D0-8D11-00A0C91BC942}") = "Agi.Radar.ClutterGeometry.CPP.Example", "ClutterGeometry\CPP\Agi.Radar.ClutterGeometry.CPP.Example_VS2015.vcxproj", "{135710A8-3ED8-4F45-923F-4DEAEB4192CF}"
EndProject
Project("{2150E333-8FDC-42A3-9474-1A3956D46DE8}") = "CSharp", "CSharp", "{D22B4BF4-4B1D-4BB1-A6AE-C77321379E91}"
EndProject
Project("{FAE04EC0-301F-11D3-BF4B-00C04F79EFBC}") = "Agi.Radar.ClutterGeometry.CSharp.Example_VS2015", "ClutterGeometry\CSharp\Agi.Radar.ClutterGeometry.CSharp.Example_VS2015.csproj", "{F3167F36-E8B2-42D3-B2B8-90131B5F9B14}"
EndProject
Project("{2150E333-8FDC-42A3-9474-1A3956D46DE8}") = "ClutterMap", "ClutterMap", "{97DE7C02-A624-48C6-B9BF-2034627021FA}"
EndProject
Project("{2150E333-8FDC-42A3-9474-1A3956D46DE8}") = "CPP", "CPP", "{CCC93F91-240A-4296-9534-538E02784A00}"
EndProject
Project("{8BC9CEB8-8B4A-11D0-8D11-00A0C91BC942}") = "Agi.Radar.ClutterMap.CPP.Example", "ClutterMap\CPP\Agi.Radar.ClutterMap.CPP.Example_VS2015.vcxproj", "{0253E5C7-A7E3-45C5-90FB-F54BE6EE883E}"
EndProject
Project("{2150E333-8FDC-42A3-9474-1A3956D46DE8}") = "CSharp", "CSharp", "{637609B4-5E37-48D5-A586-9C018B058A97}"
EndProject
Project("{FAE04EC0-301F-11D3-BF4B-00C04F79EFBC}") = "Agi.Radar.ClutterMap.CSharp.Example_VS2015", "ClutterMap\CSharp\Agi.Radar.ClutterMap.CSharp.Example_VS2015.csproj", "{15AD1D34-CDF6-4237-8788-EFF0A3A2ECFA}"
EndProject
Project("{2150E333-8FDC-42A3-9474-1A3956D46DE8}") = "RCS", "RCS", "{F2AA6251-5DC4-42AC-99D7-AFBFF6D83850}"
EndProject
Project("{2150E333-8FDC-42A3-9474-1A3956D46DE8}") = "CPP", "CPP", "{FCDECBBB-081D-479F-B654-B15A406A6099}"
EndProject
Project("{8BC9CEB8-8B4A-11D0-8D11-00A0C91BC942}") = "Agi.Radar.RCS.CPP.Example", "RCS\CPP\Agi.Radar.RCS.CPP.Example_VS2015.vcxproj", "{71D7EC7E-BC43-47C5-AE61-E71D2441080B}"
EndProject
Project("{2150E333-8FDC-42A3-9474-1A3956D46DE8}") = "CSharp", "CSharp", "{457D1A5D-D0F3-49FB-AFE6-BB6F53DDC818}"
EndProject
Project("{FAE04EC0-301F-11D3-BF4B-00C04F79EFBC}") = "Agi.Radar.RCS.CSharp.Example_VS2015", "RCS\CSharp\Agi.Radar.RCS.CSharp.Example_VS2015.csproj", "{E8B0687F-B221-4608-B4E8-501706E7E671}"
EndProject
Project("{2150E333-8FDC-42A3-9474-1A3956D46DE8}") = "WSC", "WSC", "{8BBDDC38-E03D-4560-AAE6-E97EC1ECF215}"
	ProjectSection(SolutionItems) = preProject
		ClutterGeometry\WSC\Agi.Radar.ClutterGeometry.WSC.Example.vbs = ClutterGeometry\WSC\Agi.Radar.ClutterGeometry.WSC.Example.vbs
		ClutterGeometry\WSC\Agi.Radar.ClutterGeometry.WSC.Example.wsc = ClutterGeometry\WSC\Agi.Radar.ClutterGeometry.WSC.Example.wsc
		ClutterGeometry\WSC\ReadMe.txt = ClutterGeometry\WSC\ReadMe.txt
	EndProjectSection
EndProject
Project("{2150E333-8FDC-42A3-9474-1A3956D46DE8}") = "WSC", "WSC", "{D4F7002F-9196-498F-9323-F1366506F69C}"
	ProjectSection(SolutionItems) = preProject
		ClutterMap\WSC\Agi.Radar.ClutterMap.WSC.Example.vbs = ClutterMap\WSC\Agi.Radar.ClutterMap.WSC.Example.vbs
		ClutterMap\WSC\Agi.Radar.ClutterMap.WSC.Example.wsc = ClutterMap\WSC\Agi.Radar.ClutterMap.WSC.Example.wsc
		ClutterMap\WSC\ReadMe.txt = ClutterMap\WSC\ReadMe.txt
	EndProjectSection
EndProject
Project("{2150E333-8FDC-42A3-9474-1A3956D46DE8}") = "WSC", "WSC", "{C8B27DB3-8484-4AAC-9779-92D35F5CC7D4}"
	ProjectSection(SolutionItems) = preProject
		RCS\WSC\Agi.Radar.RCS.WSC.Example.vbs = RCS\WSC\Agi.Radar.RCS.WSC.Example.vbs
		RCS\WSC\Agi.Radar.RCS.WSC.Example.wsc = RCS\WSC\Agi.Radar.RCS.WSC.Example.wsc
		RCS\WSC\ReadMe.txt = RCS\WSC\ReadMe.txt
	EndProjectSection
EndProject
Global
	GlobalSection(SolutionConfigurationPlatforms) = preSolution
		Debug|x64 = Debug|x64
		Release|x64 = Release|x64
	EndGlobalSection
	GlobalSection(ProjectConfigurationPlatforms) = postSolution
		{135710A8-3ED8-4F45-923F-4DEAEB4192CF}.Debug|x64.ActiveCfg = Debug|x64
		{135710A8-3ED8-4F45-923F-4DEAEB4192CF}.Debug|x64.Build.0 = Debug|x64
		{135710A8-3ED8-4F45-923F-4DEAEB4192CF}.Release|x64.ActiveCfg = Release|x64
		{135710A8-3ED8-4F45-923F-4DEAEB4192CF}.Release|x64.Build.0 = Release|x64
		{F3167F36-E8B2-42D3-B2B8-90131B5F9B14}.Debug|x64.ActiveCfg = Debug|x64
		{F3167F36-E8B2-42D3-B2B8-90131B5F9B14}.Debug|x64.Build.0 = Debug|x64
		{F3167F36-E8B2-42D3-B2B8-90131B5F9B14}.Release|x64.ActiveCfg = Release|x64
		{F3167F36-E8B2-42D3-B2B8-90131B5F9B14}.Release|x64.Build.0 = Release|x64
		{0253E5C7-A7E3-45C5-90FB-F54BE6EE883E}.Debug|x64.ActiveCfg = Debug|x64
		{0253E5C7-A7E3-45C5-90FB-F54BE6EE883E}.Debug|x64.Build.0 = Debug|x64
		{0253E5C7-A7E3-45C5-90FB-F54BE6EE883E}.Release|x64.ActiveCfg = Release|x64
		{0253E5C7-A7E3-45C5-90FB-F54BE6EE883E}.Release|x64.Build.0 = Release|x64
		{15AD1D34-CDF6-4237-8788-EFF0A3A2ECFA}.Debug|x64.ActiveCfg = Debug|x64
		{15AD1D34-CDF6-4237-8788-EFF0A3A2ECFA}.Debug|x64.Build.0 = Debug|x64
		{15AD1D34-CDF6-4237-8788-EFF0A3A2ECFA}.Release|x64.ActiveCfg = Release|x64
		{15AD1D34-CDF6-4237-8788-EFF0A3A2ECFA}.Release|x64.Build.0 = Release|x64
		{71D7EC7E-BC43-47C5-AE61-E71D2441080B}.Debug|x64.ActiveCfg = Debug|x64
		{71D7EC7E-BC43-47C5-AE61-E71D2441080B}.Debug|x64.Build.0 = Debug|x64
		{71D7EC7E-BC43-47C5-AE61-E71D2441080B}.Release|x64.ActiveCfg = Release|x64
		{71D7EC7E-BC43-47C5-AE61-E71D2441080B}.Release|x64.Build.0 = Release|x64
		{E8B0687F-B221-4608-B4E8-501706E7E671}.Debug|x64.ActiveCfg = Debug|x64
		{E8B0687F-B221-4608-B4E8-501706E7E671}.Debug|x64.Build.0 = Debug|x64
		{E8B0687F-B221-4608-B4E8-501706E7E671}.Release|x64.ActiveCfg = Release|x64
		{E8B0687F-B221-4608-B4E8-501706E7E671}.Release|x64.Build.0 = Release|x64
	EndGlobalSection
	GlobalSection(SolutionProperties) = preSolution
		HideSolutionNode = FALSE
	EndGlobalSection
	GlobalSection(NestedProjects) = preSolution
		{646A79D1-3B88-4724-B158-B69F0ABD9725} = {FC31334A-6F4B-4E7B-A0F9-2F8B567E4897}
		{135710A8-3ED8-4F45-923F-4DEAEB4192CF} = {646A79D1-3B88-4724-B158-B69F0ABD9725}
		{D22B4BF4-4B1D-4BB1-A6AE-C77321379E91} = {FC31334A-6F4B-4E7B-A0F9-2F8B567E4897}
		{F3167F36-E8B2-42D3-B2B8-90131B5F9B14} = {D22B4BF4-4B1D-4BB1-A6AE-C77321379E91}
		{CCC93F91-240A-4296-9534-538E02784A00} = {97DE7C02-A624-48C6-B9BF-2034627021FA}
		{0253E5C7-A7E3-45C5-90FB-F54BE6EE883E} = {CCC93F91-240A-4296-9534-538E02784A00}
		{637609B4-5E37-48D5-A586-9C018B058A97} = {97DE7C02-A624-48C6-B9BF-2034627021FA}
		{15AD1D34-CDF6-4237-8788-EFF0A3A2ECFA} = {637609B4-5E37-48D5-A586-9C018B058A97}
		{FCDECBBB-081D-479F-B654-B15A406A6099} = {F2AA6251-5DC4-42AC-99D7-AFBFF6D83850}
		{71D7EC7E-BC43-47C5-AE61-E71D2441080B} = {FCDECBBB-081D-479F-B654-B15A406A6099}
		{457D1A5D-D0F3-49FB-AFE6-BB6F53DDC818} = {F2AA6251-5DC4-42AC-99D7-AFBFF6D83850}
		{E8B0687F-B221-4608-B4E8-501706E7E671} = {457D1A5D-D0F3-49FB-AFE6-BB6F53DDC818}
		{8BBDDC38-E03D-4560-AAE6-E97EC1ECF215} = {FC31334A-6F4B-4E7B-A0F9-2F8B567E4897}
		{D4F7002F-9196-498F-9323-F1366506F69C} = {97DE7C02-A624-48C6-B9BF-2034627021FA}
		{C8B27DB3-8484-4AAC-9779-92D35F5CC7D4} = {F2AA6251-5DC4-42AC-99D7-AFBFF6D83850}
	EndGlobalSection
EndGlobal
