Microsoft Visual Studio Solution File, Format Version 12.00
# Visual Studio 2013
VisualStudioVersion = 12.0.31101.0
MinimumVisualStudioVersion = 10.0.40219.1
Project("{F184B08F-C81C-45F6-A57F-5ABD9991F28F}") = "Events_VS2013", "Events\Events_VS2013.vbproj", "{3745342C-54E2-4631-94B5-79136B61589F}"
EndProject
Project("{F184B08F-C81C-45F6-A57F-5ABD9991F28F}") = "RubberBandSelect_VS2013", "RubberBandSelect\RubberBandSelect_VS2013.vbproj", "{180D5A9B-8369-45C0-A737-26A9E0E7B19B}"
EndProject
Project("{F184B08F-C81C-45F6-A57F-5ABD9991F28F}") = "MapView_VS2013", "MapView\MapView_VS2013.vbproj", "{A5EDCADF-463E-437B-8A97-DFA90492157A}"
EndProject
Project("{F184B08F-C81C-45F6-A57F-5ABD9991F28F}") = "DrawRects_VS2013", "DrawRects\DrawRects_VS2013.vbproj", "{D1CADE80-E823-4543-9471-738A78E848EE}"
EndProject
Project("{F184B08F-C81C-45F6-A57F-5ABD9991F28F}") = "DragAndDrop_VS2013", "DragAndDrop\DragAndDrop_VS2013.vbproj", "{E85FED64-5332-4D6A-8C47-507478C9EFBD}"
EndProject
Project("{F184B08F-C81C-45F6-A57F-5ABD9991F28F}") = "OnAnimUpdate_VS2013", "OnAnimUpdate\OnAnimUpdate_VS2013.vbproj", "{3A102ED5-75FA-4C70-BFDA-4E7D694CCEB9}"
EndProject
Project("{F184B08F-C81C-45F6-A57F-5ABD9991F28F}") = "AreaTool_VS2013", "AreaTool\AreaTool_VS2013.vbproj", "{D113F37A-9288-4605-82C8-695EAECD47D4}"
EndProject
Project("{F184B08F-C81C-45F6-A57F-5ABD9991F28F}") = "AzElMaskTool_VS2013", "AzElMaskTool\AzElMaskTool_VS2013.vbproj", "{1334FD21-753E-41E2-980F-89BA90F3FFAA}"
EndProject
Project("{F184B08F-C81C-45F6-A57F-5ABD9991F28F}") = "ObscurationTool_VS2013", "ObscurationTool\ObscurationTool_VS2013.vbproj", "{E70B7882-A8E2-4E79-B05B-6C529FC73E79}"
EndProject
Project("{F184B08F-C81C-45F6-A57F-5ABD9991F28F}") = "SolarPanelTool_VS2013", "SolarPanelTool\SolarPanelTool_VS2013.vbproj", "{FBC53E5F-03A6-4D20-BDDB-5BDAA9A98379}"
EndProject
Project("{F184B08F-C81C-45F6-A57F-5ABD9991F28F}") = "Tutorial_VS2013", "Tutorial\Tutorial_VS2013.vbproj", "{8243B351-233F-4213-9EA5-F78DCCD0372D}"
EndProject
Project("{F184B08F-C81C-45F6-A57F-5ABD9991F28F}") = "HohmannTransfer_VS2013", "HohmannTransfer\HohmannTransfer_VS2013.vbproj", "{573104B7-99F3-44F2-B6E2-4F067A213162}"
EndProject
Project("{F184B08F-C81C-45F6-A57F-5ABD9991F28F}") = "HohmannTransferUsingTargeter_VS2013", "HohmannTransferUsingTargeter\HohmannTransferUsingTargeter_VS2013.vbproj", "{72BF7924-B5C2-4BD4-8A9C-ADDD2CD87740}"
EndProject
Project("{F184B08F-C81C-45F6-A57F-5ABD9991F28F}") = "MoonMissionWithBPlaneTargeting_VS2013", "MoonMissionWithBPlaneTargeting\MoonMissionWithBPlaneTargeting_VS2013.vbproj", "{D1A466B9-C0BB-46D8-9702-5CC2BC7B1ABA}"
EndProject
Project("{F184B08F-C81C-45F6-A57F-5ABD9991F28F}") = "MarsProbe_VS2013", "MarsProbe\MarsProbe_VS2013.vbproj", "{023ADA5D-C37F-45F3-B206-A7C73BDC1B58}"
EndProject
Project("{F184B08F-C81C-45F6-A57F-5ABD9991F28F}") = "VGTTutorial_VS2013", "VGTTutorial\VGTTutorial_VS2013.vbproj", "{03A9A8AE-4892-4F7D-960A-8078E35FBDDC}"
EndProject
Project("{F184B08F-C81C-45F6-A57F-5ABD9991F28F}") = "GraphicsHowTo_VS2013", "GraphicsHowTo\GraphicsHowTo_VS2013.vbproj", "{6FA9FFAB-A1CD-4D6B-9D50-EE6FB84BFCFE}"
EndProject
Project("{F184B08F-C81C-45F6-A57F-5ABD9991F28F}") = "OverlayToolbar_VS2013", "OverlayToolbar\OverlayToolbar_VS2013.vbproj", "{E4A3FD25-062F-49F9-B128-05D01952A9A5}"
EndProject
Project("{F184B08F-C81C-45F6-A57F-5ABD9991F28F}") = "ProjectionRasterStreamPlugin_VS2013", "..\..\Extend\Graphics\VB.Net\ProjectionRasterStreamPlugin\ProjectionRasterStreamPlugin_VS2013.vbproj", "{1F277113-AFF7-4F2E-891E-CCFBC5DA57E9}"
EndProject
Project("{F184B08F-C81C-45F6-A57F-5ABD9991F28F}") = "VGTAER_VS2013", "VGTAER\VGTAER_VS2013.vbproj", "{22FECFF7-4ED5-46D9-8B64-B54F21B37079}"
EndProject
Project("{F184B08F-C81C-45F6-A57F-5ABD9991F28F}") = "OpenStreetMapPlugin_VS2013", "..\..\Extend\Graphics\VB.Net\OpenStreetMapPlugin\OpenStreetMapPlugin_VS2013.vbproj", "{E1462503-EE0D-4904-AA2B-D5DA612DCFEC}"
EndProject
Global
	GlobalSection(SolutionConfigurationPlatforms) = preSolution
		Debug|x64 = Debug|x64
		Release|x64 = Release|x64
	EndGlobalSection
	GlobalSection(ProjectConfigurationPlatforms) = postSolution
		{3745342C-54E2-4631-94B5-79136B61589F}.Debug|x64.ActiveCfg = Debug|x64
		{3745342C-54E2-4631-94B5-79136B61589F}.Debug|x64.Build.0 = Debug|x64
		{3745342C-54E2-4631-94B5-79136B61589F}.Release|x64.ActiveCfg = Release|x64
		{3745342C-54E2-4631-94B5-79136B61589F}.Release|x64.Build.0 = Release|x64
		{180D5A9B-8369-45C0-A737-26A9E0E7B19B}.Debug|x64.ActiveCfg = Debug|x64
		{180D5A9B-8369-45C0-A737-26A9E0E7B19B}.Debug|x64.Build.0 = Debug|x64
		{180D5A9B-8369-45C0-A737-26A9E0E7B19B}.Release|x64.ActiveCfg = Release|x64
		{180D5A9B-8369-45C0-A737-26A9E0E7B19B}.Release|x64.Build.0 = Release|x64
		{A5EDCADF-463E-437B-8A97-DFA90492157A}.Debug|x64.ActiveCfg = Debug|x64
		{A5EDCADF-463E-437B-8A97-DFA90492157A}.Debug|x64.Build.0 = Debug|x64
		{A5EDCADF-463E-437B-8A97-DFA90492157A}.Release|x64.ActiveCfg = Release|x64
		{A5EDCADF-463E-437B-8A97-DFA90492157A}.Release|x64.Build.0 = Release|x64
		{D1CADE80-E823-4543-9471-738A78E848EE}.Debug|x64.ActiveCfg = Debug|x64
		{D1CADE80-E823-4543-9471-738A78E848EE}.Debug|x64.Build.0 = Debug|x64
		{D1CADE80-E823-4543-9471-738A78E848EE}.Release|x64.ActiveCfg = Release|x64
		{D1CADE80-E823-4543-9471-738A78E848EE}.Release|x64.Build.0 = Release|x64
		{E85FED64-5332-4D6A-8C47-507478C9EFBD}.Debug|x64.ActiveCfg = Debug|x64
		{E85FED64-5332-4D6A-8C47-507478C9EFBD}.Debug|x64.Build.0 = Debug|x64
		{E85FED64-5332-4D6A-8C47-507478C9EFBD}.Release|x64.ActiveCfg = Release|x64
		{E85FED64-5332-4D6A-8C47-507478C9EFBD}.Release|x64.Build.0 = Release|x64
		{3A102ED5-75FA-4C70-BFDA-4E7D694CCEB9}.Debug|x64.ActiveCfg = Debug|x64
		{3A102ED5-75FA-4C70-BFDA-4E7D694CCEB9}.Debug|x64.Build.0 = Debug|x64
		{3A102ED5-75FA-4C70-BFDA-4E7D694CCEB9}.Release|x64.ActiveCfg = Release|x64
		{3A102ED5-75FA-4C70-BFDA-4E7D694CCEB9}.Release|x64.Build.0 = Release|x64
		{D113F37A-9288-4605-82C8-695EAECD47D4}.Debug|x64.ActiveCfg = Debug|x64
		{D113F37A-9288-4605-82C8-695EAECD47D4}.Debug|x64.Build.0 = Debug|x64
		{D113F37A-9288-4605-82C8-695EAECD47D4}.Release|x64.ActiveCfg = Release|x64
		{D113F37A-9288-4605-82C8-695EAECD47D4}.Release|x64.Build.0 = Release|x64
		{1334FD21-753E-41E2-980F-89BA90F3FFAA}.Debug|x64.ActiveCfg = Debug|x64
		{1334FD21-753E-41E2-980F-89BA90F3FFAA}.Debug|x64.Build.0 = Debug|x64
		{1334FD21-753E-41E2-980F-89BA90F3FFAA}.Release|x64.ActiveCfg = Release|x64
		{1334FD21-753E-41E2-980F-89BA90F3FFAA}.Release|x64.Build.0 = Release|x64
		{E70B7882-A8E2-4E79-B05B-6C529FC73E79}.Debug|x64.ActiveCfg = Debug|x64
		{E70B7882-A8E2-4E79-B05B-6C529FC73E79}.Debug|x64.Build.0 = Debug|x64
		{E70B7882-A8E2-4E79-B05B-6C529FC73E79}.Release|x64.ActiveCfg = Release|x64
		{E70B7882-A8E2-4E79-B05B-6C529FC73E79}.Release|x64.Build.0 = Release|x64
		{FBC53E5F-03A6-4D20-BDDB-5BDAA9A98379}.Debug|x64.ActiveCfg = Debug|x64
		{FBC53E5F-03A6-4D20-BDDB-5BDAA9A98379}.Debug|x64.Build.0 = Debug|x64
		{FBC53E5F-03A6-4D20-BDDB-5BDAA9A98379}.Release|x64.ActiveCfg = Release|x64
		{FBC53E5F-03A6-4D20-BDDB-5BDAA9A98379}.Release|x64.Build.0 = Release|x64
		{8243B351-233F-4213-9EA5-F78DCCD0372D}.Debug|x64.ActiveCfg = Debug|x64
		{8243B351-233F-4213-9EA5-F78DCCD0372D}.Debug|x64.Build.0 = Debug|x64
		{8243B351-233F-4213-9EA5-F78DCCD0372D}.Release|x64.ActiveCfg = Release|x64
		{8243B351-233F-4213-9EA5-F78DCCD0372D}.Release|x64.Build.0 = Release|x64
		{573104B7-99F3-44F2-B6E2-4F067A213162}.Debug|x64.ActiveCfg = Debug|x64
		{573104B7-99F3-44F2-B6E2-4F067A213162}.Debug|x64.Build.0 = Debug|x64
		{573104B7-99F3-44F2-B6E2-4F067A213162}.Release|x64.ActiveCfg = Release|x64
		{573104B7-99F3-44F2-B6E2-4F067A213162}.Release|x64.Build.0 = Release|x64
		{72BF7924-B5C2-4BD4-8A9C-ADDD2CD87740}.Debug|x64.ActiveCfg = Debug|x64
		{72BF7924-B5C2-4BD4-8A9C-ADDD2CD87740}.Debug|x64.Build.0 = Debug|x64
		{72BF7924-B5C2-4BD4-8A9C-ADDD2CD87740}.Release|x64.ActiveCfg = Release|x64
		{72BF7924-B5C2-4BD4-8A9C-ADDD2CD87740}.Release|x64.Build.0 = Release|x64
		{D1A466B9-C0BB-46D8-9702-5CC2BC7B1ABA}.Debug|x64.ActiveCfg = Debug|x64
		{D1A466B9-C0BB-46D8-9702-5CC2BC7B1ABA}.Debug|x64.Build.0 = Debug|x64
		{D1A466B9-C0BB-46D8-9702-5CC2BC7B1ABA}.Release|x64.ActiveCfg = Release|x64
		{D1A466B9-C0BB-46D8-9702-5CC2BC7B1ABA}.Release|x64.Build.0 = Release|x64
		{023ADA5D-C37F-45F3-B206-A7C73BDC1B58}.Debug|x64.ActiveCfg = Debug|x64
		{023ADA5D-C37F-45F3-B206-A7C73BDC1B58}.Debug|x64.Build.0 = Debug|x64
		{023ADA5D-C37F-45F3-B206-A7C73BDC1B58}.Release|x64.ActiveCfg = Release|x64
		{023ADA5D-C37F-45F3-B206-A7C73BDC1B58}.Release|x64.Build.0 = Release|x64
		{03A9A8AE-4892-4F7D-960A-8078E35FBDDC}.Debug|x64.ActiveCfg = Debug|x64
		{03A9A8AE-4892-4F7D-960A-8078E35FBDDC}.Debug|x64.Build.0 = Debug|x64
		{03A9A8AE-4892-4F7D-960A-8078E35FBDDC}.Release|x64.ActiveCfg = Release|x64
		{03A9A8AE-4892-4F7D-960A-8078E35FBDDC}.Release|x64.Build.0 = Release|x64
		{6FA9FFAB-A1CD-4D6B-9D50-EE6FB84BFCFE}.Debug|x64.ActiveCfg = Debug|x64
		{6FA9FFAB-A1CD-4D6B-9D50-EE6FB84BFCFE}.Debug|x64.Build.0 = Debug|x64
		{6FA9FFAB-A1CD-4D6B-9D50-EE6FB84BFCFE}.Release|x64.ActiveCfg = Release|x64
		{6FA9FFAB-A1CD-4D6B-9D50-EE6FB84BFCFE}.Release|x64.Build.0 = Release|x64
		{E4A3FD25-062F-49F9-B128-05D01952A9A5}.Debug|x64.ActiveCfg = Debug|x64
		{E4A3FD25-062F-49F9-B128-05D01952A9A5}.Debug|x64.Build.0 = Debug|x64
		{E4A3FD25-062F-49F9-B128-05D01952A9A5}.Release|x64.ActiveCfg = Release|x64
		{E4A3FD25-062F-49F9-B128-05D01952A9A5}.Release|x64.Build.0 = Release|x64
		{1F277113-AFF7-4F2E-891E-CCFBC5DA57E9}.Debug|x64.ActiveCfg = Debug|x64
		{1F277113-AFF7-4F2E-891E-CCFBC5DA57E9}.Debug|x64.Build.0 = Debug|x64
		{1F277113-AFF7-4F2E-891E-CCFBC5DA57E9}.Release|x64.ActiveCfg = Release|x64
		{1F277113-AFF7-4F2E-891E-CCFBC5DA57E9}.Release|x64.Build.0 = Release|x64
		{22FECFF7-4ED5-46D9-8B64-B54F21B37079}.Debug|x64.ActiveCfg = Debug|x64
		{22FECFF7-4ED5-46D9-8B64-B54F21B37079}.Debug|x64.Build.0 = Debug|x64
		{22FECFF7-4ED5-46D9-8B64-B54F21B37079}.Release|x64.ActiveCfg = Release|x64
		{22FECFF7-4ED5-46D9-8B64-B54F21B37079}.Release|x64.Build.0 = Release|x64
		{E1462503-EE0D-4904-AA2B-D5DA612DCFEC}.Debug|x64.ActiveCfg = Debug|x64
		{E1462503-EE0D-4904-AA2B-D5DA612DCFEC}.Debug|x64.Build.0 = Debug|x64
		{E1462503-EE0D-4904-AA2B-D5DA612DCFEC}.Release|x64.ActiveCfg = Release|x64
		{E1462503-EE0D-4904-AA2B-D5DA612DCFEC}.Release|x64.Build.0 = Release|x64
	EndGlobalSection
	GlobalSection(SolutionProperties) = preSolution
		HideSolutionNode = FALSE
	EndGlobalSection
EndGlobal
